github.com/Xjs/aoc2021 v0.0.0-20211218083437-ba7870b56723 h1:Cu7XUBy4D0H8rItJTvV5LRa6xTOFd7qkAbsFZPTCwEQ=
github.com/Xjs/aoc2021 v0.0.0-20211218083437-ba7870b56723/go.mod h1:wjK4G3G5iKGsj4QyAO7GBo0HqAQbDx+O88Qa0Km+eog=
github.com/google/go-cmp v0.5.9 h1:O2Tfq5qg4qc4AmwVlvv0oLiVAGB7enBSJ2x2DqQFi38=
github.com/google/go-cmp v0.5.9/go.mod h1:17dUlkBOakJ0+DkrSSNjCkIjxS6bF9zb3elmeNGIjoY=
